
Microsoft Visual Studio Solution File, Format Version 12.00
# Visual Studio Version 17
VisualStudioVersion = 17.7.34031.279
MinimumVisualStudioVersion = 10.0.40219.1
Project("{FAE04EC0-301F-11D3-BF4B-00C04F79EFBC}") = "DemoRazorPages", "DemoRazorPages.csproj", "{C67E0C75-A61E-432F-8807-6C95C4832632}"
EndProject
Global
	GlobalSection(SolutionConfigurationPlatforms) = preSolution
		Debug|Any CPU = Debug|Any CPU
		Release|Any CPU = Release|Any CPU
	EndGlobalSection
	GlobalSection(ProjectConfigurationPlatforms) = postSolution
		{C67E0C75-A61E-432F-8807-6C95C4832632}.Debug|Any CPU.ActiveCfg = Debug|Any CPU
		{C67E0C75-A61E-432F-8807-6C95C4832632}.Debug|Any CPU.Build.0 = Debug|Any CPU
		{C67E0C75-A61E-432F-8807-6C95C4832632}.Release|Any CPU.ActiveCfg = Release|Any CPU
		{C67E0C75-A61E-432F-8807-6C95C4832632}.Release|Any CPU.Build.0 = Release|Any CPU
	EndGlobalSection
	GlobalSection(SolutionProperties) = preSolution
		HideSolutionNode = FALSE
	EndGlobalSection
	GlobalSection(ExtensibilityGlobals) = postSolution
		SolutionGuid = {5D3436F6-CA43-4D23-99D1-9FC3B4816904}
	EndGlobalSection
EndGlobal
